
Microsoft Visual Studio Solution File, Format Version 12.00
# Visual Studio Version 17
VisualStudioVersion = 17.3.32819.101
MinimumVisualStudioVersion = 10.0.40219.1
Project("{FAE04EC0-301F-11D3-BF4B-00C04F79EFBC}") = "Singleton", "Singleton\Singleton.csproj", "{6AD8E40D-266F-4D7A-8D14-3BE3A5D57898}"
EndProject
Project("{FAE04EC0-301F-11D3-BF4B-00C04F79EFBC}") = "FactoryMethod", "FactoryMethod\FactoryMethod.csproj", "{F3D62830-98D2-4E7C-A5BC-DA384CEE4199}"
EndProject
Project("{FAE04EC0-301F-11D3-BF4B-00C04F79EFBC}") = "AbstractFactory", "AbstractFactory\AbstractFactory.csproj", "{B2A0EECA-EB4E-45A3-91A4-3F0D6A0D254C}"
EndProject
Project("{FAE04EC0-301F-11D3-BF4B-00C04F79EFBC}") = "Prototype", "Prototype\Prototype.csproj", "{8B19A7A0-DDBD-4D80-BC2C-32749A814763}"
EndProject
Project("{FAE04EC0-301F-11D3-BF4B-00C04F79EFBC}") = "Builder", "Builder\Builder.csproj", "{6B7CB7C3-B07F-4D32-9D39-83F67A4398A7}"
EndProject
Project("{FAE04EC0-301F-11D3-BF4B-00C04F79EFBC}") = "Facade", "Facade\Facade.csproj", "{6FE3A567-F7B7-4368-8B25-92C8CE1463D8}"
EndProject
Global
	GlobalSection(SolutionConfigurationPlatforms) = preSolution
		Debug|Any CPU = Debug|Any CPU
		Release|Any CPU = Release|Any CPU
	EndGlobalSection
	GlobalSection(ProjectConfigurationPlatforms) = postSolution
		{6AD8E40D-266F-4D7A-8D14-3BE3A5D57898}.Debug|Any CPU.ActiveCfg = Debug|Any CPU
		{6AD8E40D-266F-4D7A-8D14-3BE3A5D57898}.Debug|Any CPU.Build.0 = Debug|Any CPU
		{6AD8E40D-266F-4D7A-8D14-3BE3A5D57898}.Release|Any CPU.ActiveCfg = Release|Any CPU
		{6AD8E40D-266F-4D7A-8D14-3BE3A5D57898}.Release|Any CPU.Build.0 = Release|Any CPU
		{F3D62830-98D2-4E7C-A5BC-DA384CEE4199}.Debug|Any CPU.ActiveCfg = Debug|Any CPU
		{F3D62830-98D2-4E7C-A5BC-DA384CEE4199}.Debug|Any CPU.Build.0 = Debug|Any CPU
		{F3D62830-98D2-4E7C-A5BC-DA384CEE4199}.Release|Any CPU.ActiveCfg = Release|Any CPU
		{F3D62830-98D2-4E7C-A5BC-DA384CEE4199}.Release|Any CPU.Build.0 = Release|Any CPU
		{B2A0EECA-EB4E-45A3-91A4-3F0D6A0D254C}.Debug|Any CPU.ActiveCfg = Debug|Any CPU
		{B2A0EECA-EB4E-45A3-91A4-3F0D6A0D254C}.Debug|Any CPU.Build.0 = Debug|Any CPU
		{B2A0EECA-EB4E-45A3-91A4-3F0D6A0D254C}.Release|Any CPU.ActiveCfg = Release|Any CPU
		{B2A0EECA-EB4E-45A3-91A4-3F0D6A0D254C}.Release|Any CPU.Build.0 = Release|Any CPU
		{8B19A7A0-DDBD-4D80-BC2C-32749A814763}.Debug|Any CPU.ActiveCfg = Debug|Any CPU
		{8B19A7A0-DDBD-4D80-BC2C-32749A814763}.Debug|Any CPU.Build.0 = Debug|Any CPU
		{8B19A7A0-DDBD-4D80-BC2C-32749A814763}.Release|Any CPU.ActiveCfg = Release|Any CPU
		{8B19A7A0-DDBD-4D80-BC2C-32749A814763}.Release|Any CPU.Build.0 = Release|Any CPU
		{6B7CB7C3-B07F-4D32-9D39-83F67A4398A7}.Debug|Any CPU.ActiveCfg = Debug|Any CPU
		{6B7CB7C3-B07F-4D32-9D39-83F67A4398A7}.Debug|Any CPU.Build.0 = Debug|Any CPU
		{6B7CB7C3-B07F-4D32-9D39-83F67A4398A7}.Release|Any CPU.ActiveCfg = Release|Any CPU
		{6B7CB7C3-B07F-4D32-9D39-83F67A4398A7}.Release|Any CPU.Build.0 = Release|Any CPU
		{6FE3A567-F7B7-4368-8B25-92C8CE1463D8}.Debug|Any CPU.ActiveCfg = Debug|Any CPU
		{6FE3A567-F7B7-4368-8B25-92C8CE1463D8}.Debug|Any CPU.Build.0 = Debug|Any CPU
		{6FE3A567-F7B7-4368-8B25-92C8CE1463D8}.Release|Any CPU.ActiveCfg = Release|Any CPU
		{6FE3A567-F7B7-4368-8B25-92C8CE1463D8}.Release|Any CPU.Build.0 = Release|Any CPU
	EndGlobalSection
	GlobalSection(SolutionProperties) = preSolution
		HideSolutionNode = FALSE
	EndGlobalSection
	GlobalSection(ExtensibilityGlobals) = postSolution
		SolutionGuid = {1A8766BB-4EF6-4915-9C8B-67C146766D01}
	EndGlobalSection
EndGlobal
